// !$*UTF8*$!
{
	archiveVersion = 1;
	classes = {
	};
	objectVersion = 51;
	objects = {

/* Begin PBXBuildFile section */
		0404299323F132BF00608B37 /* LoginViewController.swift in Sources */ = {isa = PBXBuildFile; fileRef = 0404299223F132BF00608B37 /* LoginViewController.swift */; };
		0404299523F132D000608B37 /* FeedViewController.swift in Sources */ = {isa = PBXBuildFile; fileRef = 0404299423F132D000608B37 /* FeedViewController.swift */; };
		0404299723F1357500608B37 /* CameraViewController.swift in Sources */ = {isa = PBXBuildFile; fileRef = 0404299623F1357500608B37 /* CameraViewController.swift */; };
		042F357623F61AA900ED7032 /* CommentCell.swift in Sources */ = {isa = PBXBuildFile; fileRef = 042F357523F61AA900ED7032 /* CommentCell.swift */; };
		04863DC523F0F5AC0096862A /* AppDelegate.swift in Sources */ = {isa = PBXBuildFile; fileRef = 04863DC423F0F5AC0096862A /* AppDelegate.swift */; };
		04863DC723F0F5AC0096862A /* SceneDelegate.swift in Sources */ = {isa = PBXBuildFile; fileRef = 04863DC623F0F5AC0096862A /* SceneDelegate.swift */; };
		04863DCC23F0F5AC0096862A /* Main.storyboard in Resources */ = {isa = PBXBuildFile; fileRef = 04863DCA23F0F5AC0096862A /* Main.storyboard */; };
		04863DCE23F0F5AD0096862A /* Assets.xcassets in Resources */ = {isa = PBXBuildFile; fileRef = 04863DCD23F0F5AD0096862A /* Assets.xcassets */; };
		04863DD123F0F5AD0096862A /* LaunchScreen.storyboard in Resources */ = {isa = PBXBuildFile; fileRef = 04863DCF23F0F5AD0096862A /* LaunchScreen.storyboard */; };
		04863DDC23F0F5AD0096862A /* ParstagramTests.swift in Sources */ = {isa = PBXBuildFile; fileRef = 04863DDB23F0F5AD0096862A /* ParstagramTests.swift */; };
		04863DE723F0F5AD0096862A /* ParstagramUITests.swift in Sources */ = {isa = PBXBuildFile; fileRef = 04863DE623F0F5AD0096862A /* ParstagramUITests.swift */; };
		0487CF8223FF89DB00F68E90 /* ProfileViewController.swift in Sources */ = {isa = PBXBuildFile; fileRef = 0487CF8123FF89DB00F68E90 /* ProfileViewController.swift */; };
		0490713123F216D800A2C51A /* PostCell.swift in Sources */ = {isa = PBXBuildFile; fileRef = 0490713023F216D800A2C51A /* PostCell.swift */; };
		3ABDA2014510231DD745907B /* Pods_Parstagram.framework in Frameworks */ = {isa = PBXBuildFile; fileRef = 6D80EAD7626EA5FDEAC0F7FC /* Pods_Parstagram.framework */; };
		54B20CF33BCADA5AAC2A7B78 /* Pods_Parstagram_ParstagramUITests.framework in Frameworks */ = {isa = PBXBuildFile; fileRef = F0D37ACC7AEF449CA494CBA7 /* Pods_Parstagram_ParstagramUITests.framework */; };
		5C70F9A021CB3E4EDE4BA17D /* Pods_ParstagramTests.framework in Frameworks */ = {isa = PBXBuildFile; fileRef = E525112698A334B7B9819DAE /* Pods_ParstagramTests.framework */; };
/* End PBXBuildFile section */

/* Begin PBXContainerItemProxy section */
		04863DD823F0F5AD0096862A /* PBXContainerItemProxy */ = {
			isa = PBXContainerItemProxy;
			containerPortal = 04863DB923F0F5AC0096862A /* Project object */;
			proxyType = 1;
			remoteGlobalIDString = 04863DC023F0F5AC0096862A;
			remoteInfo = Parstagram;
		};
		04863DE323F0F5AD0096862A /* PBXContainerItemProxy */ = {
			isa = PBXContainerItemProxy;
			containerPortal = 04863DB923F0F5AC0096862A /* Project object */;
			proxyType = 1;
			remoteGlobalIDString = 04863DC023F0F5AC0096862A;
			remoteInfo = Parstagram;
		};
/* End PBXContainerItemProxy section */

/* Begin PBXFileReference section */
		0404299223F132BF00608B37 /* LoginViewController.swift */ = {isa = PBXFileReference; lastKnownFileType = sourcecode.swift; path = LoginViewController.swift; sourceTree = "<group>"; };
		0404299423F132D000608B37 /* FeedViewController.swift */ = {isa = PBXFileReference; lastKnownFileType = sourcecode.swift; path = FeedViewController.swift; sourceTree = "<group>"; };
		0404299623F1357500608B37 /* CameraViewController.swift */ = {isa = PBXFileReference; lastKnownFileType = sourcecode.swift; path = CameraViewController.swift; sourceTree = "<group>"; };
		042F357523F61AA900ED7032 /* CommentCell.swift */ = {isa = PBXFileReference; lastKnownFileType = sourcecode.swift; path = CommentCell.swift; sourceTree = "<group>"; };
		04863DC123F0F5AC0096862A /* Parstagram.app */ = {isa = PBXFileReference; explicitFileType = wrapper.application; includeInIndex = 0; path = Parstagram.app; sourceTree = BUILT_PRODUCTS_DIR; };
		04863DC423F0F5AC0096862A /* AppDelegate.swift */ = {isa = PBXFileReference; lastKnownFileType = sourcecode.swift; path = AppDelegate.swift; sourceTree = "<group>"; };
		04863DC623F0F5AC0096862A /* SceneDelegate.swift */ = {isa = PBXFileReference; lastKnownFileType = sourcecode.swift; path = SceneDelegate.swift; sourceTree = "<group>"; };
		04863DCB23F0F5AC0096862A /* Base */ = {isa = PBXFileReference; lastKnownFileType = file.storyboard; name = Base; path = Base.lproj/Main.storyboard; sourceTree = "<group>"; };
		04863DCD23F0F5AD0096862A /* Assets.xcassets */ = {isa = PBXFileReference; lastKnownFileType = folder.assetcatalog; path = Assets.xcassets; sourceTree = "<group>"; };
		04863DD023F0F5AD0096862A /* Base */ = {isa = PBXFileReference; lastKnownFileType = file.storyboard; name = Base; path = Base.lproj/LaunchScreen.storyboard; sourceTree = "<group>"; };
		04863DD223F0F5AD0096862A /* Info.plist */ = {isa = PBXFileReference; lastKnownFileType = text.plist.xml; path = Info.plist; sourceTree = "<group>"; };
		04863DD723F0F5AD0096862A /* ParstagramTests.xctest */ = {isa = PBXFileReference; explicitFileType = wrapper.cfbundle; includeInIndex = 0; path = ParstagramTests.xctest; sourceTree = BUILT_PRODUCTS_DIR; };
		04863DDB23F0F5AD0096862A /* ParstagramTests.swift */ = {isa = PBXFileReference; lastKnownFileType = sourcecode.swift; path = ParstagramTests.swift; sourceTree = "<group>"; };
		04863DDD23F0F5AD0096862A /* Info.plist */ = {isa = PBXFileReference; lastKnownFileType = text.plist.xml; path = Info.plist; sourceTree = "<group>"; };
		04863DE223F0F5AD0096862A /* ParstagramUITests.xctest */ = {isa = PBXFileReference; explicitFileType = wrapper.cfbundle; includeInIndex = 0; path = ParstagramUITests.xctest; sourceTree = BUILT_PRODUCTS_DIR; };
		04863DE623F0F5AD0096862A /* ParstagramUITests.swift */ = {isa = PBXFileReference; lastKnownFileType = sourcecode.swift; path = ParstagramUITests.swift; sourceTree = "<group>"; };
		04863DE823F0F5AD0096862A /* Info.plist */ = {isa = PBXFileReference; lastKnownFileType = text.plist.xml; path = Info.plist; sourceTree = "<group>"; };
		0487CF8123FF89DB00F68E90 /* ProfileViewController.swift */ = {isa = PBXFileReference; lastKnownFileType = sourcecode.swift; path = ProfileViewController.swift; sourceTree = "<group>"; };
		0490713023F216D800A2C51A /* PostCell.swift */ = {isa = PBXFileReference; lastKnownFileType = sourcecode.swift; path = PostCell.swift; sourceTree = "<group>"; };
		6D80EAD7626EA5FDEAC0F7FC /* Pods_Parstagram.framework */ = {isa = PBXFileReference; explicitFileType = wrapper.framework; includeInIndex = 0; path = Pods_Parstagram.framework; sourceTree = BUILT_PRODUCTS_DIR; };
		6E283B4F105958314CB94FF6 /* Pods-ParstagramTests.debug.xcconfig */ = {isa = PBXFileReference; includeInIndex = 1; lastKnownFileType = text.xcconfig; name = "Pods-ParstagramTests.debug.xcconfig"; path = "Target Support Files/Pods-ParstagramTests/Pods-ParstagramTests.debug.xcconfig"; sourceTree = "<group>"; };
		9FC181E77B373A2176F33458 /* Pods-Parstagram-ParstagramUITests.release.xcconfig */ = {isa = PBXFileReference; includeInIndex = 1; lastKnownFileType = text.xcconfig; name = "Pods-Parstagram-ParstagramUITests.release.xcconfig"; path = "Target Support Files/Pods-Parstagram-ParstagramUITests/Pods-Parstagram-ParstagramUITests.release.xcconfig"; sourceTree = "<group>"; };
		A37B25E27B50C1323BA49B1A /* Pods-ParstagramTests.release.xcconfig */ = {isa = PBXFileReference; includeInIndex = 1; lastKnownFileType = text.xcconfig; name = "Pods-ParstagramTests.release.xcconfig"; path = "Target Support Files/Pods-ParstagramTests/Pods-ParstagramTests.release.xcconfig"; sourceTree = "<group>"; };
		AC627396C9D6FEF7F9FF314F /* Pods-Parstagram.release.xcconfig */ = {isa = PBXFileReference; includeInIndex = 1; lastKnownFileType = text.xcconfig; name = "Pods-Parstagram.release.xcconfig"; path = "Target Support Files/Pods-Parstagram/Pods-Parstagram.release.xcconfig"; sourceTree = "<group>"; };
		DFDF84003A692D56F75A9312 /* Pods-Parstagram-ParstagramUITests.debug.xcconfig */ = {isa = PBXFileReference; includeInIndex = 1; lastKnownFileType = text.xcconfig; name = "Pods-Parstagram-ParstagramUITests.debug.xcconfig"; path = "Target Support Files/Pods-Parstagram-ParstagramUITests/Pods-Parstagram-ParstagramUITests.debug.xcconfig"; sourceTree = "<group>"; };
		E525112698A334B7B9819DAE /* Pods_ParstagramTests.framework */ = {isa = PBXFileReference; explicitFileType = wrapper.framework; includeInIndex = 0; path = Pods_ParstagramTests.framework; sourceTree = BUILT_PRODUCTS_DIR; };
		F0D37ACC7AEF449CA494CBA7 /* Pods_Parstagram_ParstagramUITests.framework */ = {isa = PBXFileReference; explicitFileType = wrapper.framework; includeInIndex = 0; path = Pods_Parstagram_ParstagramUITests.framework; sourceTree = BUILT_PRODUCTS_DIR; };
		F4116F9373AF9844BEDE1E07 /* Pods-Parstagram.debug.xcconfig */ = {isa = PBXFileReference; includeInIndex = 1; lastKnownFileType = text.xcconfig; name = "Pods-Parstagram.debug.xcconfig"; path = "Target Support Files/Pods-Parstagram/Pods-Parstagram.debug.xcconfig"; sourceTree = "<group>"; };
/* End PBXFileReference section */

/* Begin PBXFrameworksBuildPhase section */
		04863DBE23F0F5AC0096862A /* Frameworks */ = {
			isa = PBXFrameworksBuildPhase;
			buildActionMask = 2147483647;
			files = (
				3ABDA2014510231DD745907B /* Pods_Parstagram.framework in Frameworks */,
			);
			runOnlyForDeploymentPostprocessing = 0;
		};
		04863DD423F0F5AD0096862A /* Frameworks */ = {
			isa = PBXFrameworksBuildPhase;
			buildActionMask = 2147483647;
			files = (
				5C70F9A021CB3E4EDE4BA17D /* Pods_ParstagramTests.framework in Frameworks */,
			);
			runOnlyForDeploymentPostprocessing = 0;
		};
		04863DDF23F0F5AD0096862A /* Frameworks */ = {
			isa = PBXFrameworksBuildPhase;
			buildActionMask = 2147483647;
			files = (
				54B20CF33BCADA5AAC2A7B78 /* Pods_Parstagram_ParstagramUITests.framework in Frameworks */,
			);
			runOnlyForDeploymentPostprocessing = 0;
		};
/* End PBXFrameworksBuildPhase section */

/* Begin PBXGroup section */
		04863DB823F0F5AC0096862A = {
			isa = PBXGroup;
			children = (
				04863DC323F0F5AC0096862A /* Parstagram */,
				04863DDA23F0F5AD0096862A /* ParstagramTests */,
				04863DE523F0F5AD0096862A /* ParstagramUITests */,
				04863DC223F0F5AC0096862A /* Products */,
				875998EE2869AF95B069BB42 /* Pods */,
				DEA99B5D72EF4FB01354E629 /* Frameworks */,
			);
			sourceTree = "<group>";
		};
		04863DC223F0F5AC0096862A /* Products */ = {
			isa = PBXGroup;
			children = (
				04863DC123F0F5AC0096862A /* Parstagram.app */,
				04863DD723F0F5AD0096862A /* ParstagramTests.xctest */,
				04863DE223F0F5AD0096862A /* ParstagramUITests.xctest */,
			);
			name = Products;
			sourceTree = "<group>";
		};
		04863DC323F0F5AC0096862A /* Parstagram */ = {
			isa = PBXGroup;
			children = (
				04863DC423F0F5AC0096862A /* AppDelegate.swift */,
				04863DC623F0F5AC0096862A /* SceneDelegate.swift */,
				04863DCA23F0F5AC0096862A /* Main.storyboard */,
				04863DCD23F0F5AD0096862A /* Assets.xcassets */,
				04863DCF23F0F5AD0096862A /* LaunchScreen.storyboard */,
				04863DD223F0F5AD0096862A /* Info.plist */,
				0404299223F132BF00608B37 /* LoginViewController.swift */,
				0404299423F132D000608B37 /* FeedViewController.swift */,
				0404299623F1357500608B37 /* CameraViewController.swift */,
				0490713023F216D800A2C51A /* PostCell.swift */,
				042F357523F61AA900ED7032 /* CommentCell.swift */,
				0487CF8123FF89DB00F68E90 /* ProfileViewController.swift */,
			);
			path = Parstagram;
			sourceTree = "<group>";
		};
		04863DDA23F0F5AD0096862A /* ParstagramTests */ = {
			isa = PBXGroup;
			children = (
				04863DDB23F0F5AD0096862A /* ParstagramTests.swift */,
				04863DDD23F0F5AD0096862A /* Info.plist */,
			);
			path = ParstagramTests;
			sourceTree = "<group>";
		};
		04863DE523F0F5AD0096862A /* ParstagramUITests */ = {
			isa = PBXGroup;
			children = (
				04863DE623F0F5AD0096862A /* ParstagramUITests.swift */,
				04863DE823F0F5AD0096862A /* Info.plist */,
			);
			path = ParstagramUITests;
			sourceTree = "<group>";
		};
		875998EE2869AF95B069BB42 /* Pods */ = {
			isa = PBXGroup;
			children = (
				F4116F9373AF9844BEDE1E07 /* Pods-Parstagram.debug.xcconfig */,
				AC627396C9D6FEF7F9FF314F /* Pods-Parstagram.release.xcconfig */,
				DFDF84003A692D56F75A9312 /* Pods-Parstagram-ParstagramUITests.debug.xcconfig */,
				9FC181E77B373A2176F33458 /* Pods-Parstagram-ParstagramUITests.release.xcconfig */,
				6E283B4F105958314CB94FF6 /* Pods-ParstagramTests.debug.xcconfig */,
				A37B25E27B50C1323BA49B1A /* Pods-ParstagramTests.release.xcconfig */,
			);
			path = Pods;
			sourceTree = "<group>";
		};
		DEA99B5D72EF4FB01354E629 /* Frameworks */ = {
			isa = PBXGroup;
			children = (
				6D80EAD7626EA5FDEAC0F7FC /* Pods_Parstagram.framework */,
				F0D37ACC7AEF449CA494CBA7 /* Pods_Parstagram_ParstagramUITests.framework */,
				E525112698A334B7B9819DAE /* Pods_ParstagramTests.framework */,
			);
			name = Frameworks;
			sourceTree = "<group>";
		};
/* End PBXGroup section */

/* Begin PBXNativeTarget section */
		04863DC023F0F5AC0096862A /* Parstagram */ = {
			isa = PBXNativeTarget;
			buildConfigurationList = 04863DEB23F0F5AD0096862A /* Build configuration list for PBXNativeTarget "Parstagram" */;
			buildPhases = (
				0E3EDD1D23CE11D79141A84B /* [CP] Check Pods Manifest.lock */,
				04863DBD23F0F5AC0096862A /* Sources */,
				04863DBE23F0F5AC0096862A /* Frameworks */,
				04863DBF23F0F5AC0096862A /* Resources */,
				50CCE244A8C9E993AAFCA9B6 /* [CP] Embed Pods Frameworks */,
			);
			buildRules = (
			);
			dependencies = (
			);
			name = Parstagram;
			productName = Parstagram;
			productReference = 04863DC123F0F5AC0096862A /* Parstagram.app */;
			productType = "com.apple.product-type.application";
		};
		04863DD623F0F5AD0096862A /* ParstagramTests */ = {
			isa = PBXNativeTarget;
			buildConfigurationList = 04863DEE23F0F5AD0096862A /* Build configuration list for PBXNativeTarget "ParstagramTests" */;
			buildPhases = (
				9493698BA2850F81237D30DE /* [CP] Check Pods Manifest.lock */,
				04863DD323F0F5AD0096862A /* Sources */,
				04863DD423F0F5AD0096862A /* Frameworks */,
				04863DD523F0F5AD0096862A /* Resources */,
			);
			buildRules = (
			);
			dependencies = (
				04863DD923F0F5AD0096862A /* PBXTargetDependency */,
			);
			name = ParstagramTests;
			productName = ParstagramTests;
			productReference = 04863DD723F0F5AD0096862A /* ParstagramTests.xctest */;
			productType = "com.apple.product-type.bundle.unit-test";
		};
		04863DE123F0F5AD0096862A /* ParstagramUITests */ = {
			isa = PBXNativeTarget;
			buildConfigurationList = 04863DF123F0F5AD0096862A /* Build configuration list for PBXNativeTarget "ParstagramUITests" */;
			buildPhases = (
				B32F3B39603C4CCD824BE59F /* [CP] Check Pods Manifest.lock */,
				04863DDE23F0F5AD0096862A /* Sources */,
				04863DDF23F0F5AD0096862A /* Frameworks */,
				04863DE023F0F5AD0096862A /* Resources */,
				49CB45AA93D42D2A5AEF5B75 /* [CP] Embed Pods Frameworks */,
			);
			buildRules = (
			);
			dependencies = (
				04863DE423F0F5AD0096862A /* PBXTargetDependency */,
			);
			name = ParstagramUITests;
			productName = ParstagramUITests;
			productReference = 04863DE223F0F5AD0096862A /* ParstagramUITests.xctest */;
			productType = "com.apple.product-type.bundle.ui-testing";
		};
/* End PBXNativeTarget section */

/* Begin PBXProject section */
		04863DB923F0F5AC0096862A /* Project object */ = {
			isa = PBXProject;
			attributes = {
				LastSwiftUpdateCheck = 1130;
				LastUpgradeCheck = 1130;
				ORGANIZATIONNAME = "Praveen Vandeyar";
				TargetAttributes = {
					04863DC023F0F5AC0096862A = {
						CreatedOnToolsVersion = 11.3.1;
					};
					04863DD623F0F5AD0096862A = {
						CreatedOnToolsVersion = 11.3.1;
						TestTargetID = 04863DC023F0F5AC0096862A;
					};
					04863DE123F0F5AD0096862A = {
						CreatedOnToolsVersion = 11.3.1;
						TestTargetID = 04863DC023F0F5AC0096862A;
					};
				};
			};
			buildConfigurationList = 04863DBC23F0F5AC0096862A /* Build configuration list for PBXProject "Parstagram" */;
			compatibilityVersion = "Xcode 9.3";
			developmentRegion = en;
			hasScannedForEncodings = 0;
			knownRegions = (
				en,
				Base,
			);
			mainGroup = 04863DB823F0F5AC0096862A;
			productRefGroup = 04863DC223F0F5AC0096862A /* Products */;
			projectDirPath = "";
			projectRoot = "";
			targets = (
				04863DC023F0F5AC0096862A /* Parstagram */,
				04863DD623F0F5AD0096862A /* ParstagramTests */,
				04863DE123F0F5AD0096862A /* ParstagramUITests */,
			);
		};
/* End PBXProject section */

/* Begin PBXResourcesBuildPhase section */
		04863DBF23F0F5AC0096862A /* Resources */ = {
			isa = PBXResourcesBuildPhase;
			buildActionMask = 2147483647;
			files = (
				04863DD123F0F5AD0096862A /* LaunchScreen.storyboard in Resources */,
				04863DCE23F0F5AD0096862A /* Assets.xcassets in Resources */,
				04863DCC23F0F5AC0096862A /* Main.storyboard in Resources */,
			);
			runOnlyForDeploymentPostprocessing = 0;
		};
		04863DD523F0F5AD0096862A /* Resources */ = {
			isa = PBXResourcesBuildPhase;
			buildActionMask = 2147483647;
			files = (
			);
			runOnlyForDeploymentPostprocessing = 0;
		};
		04863DE023F0F5AD0096862A /* Resources */ = {
			isa = PBXResourcesBuildPhase;
			buildActionMask = 2147483647;
			files = (
			);
			runOnlyForDeploymentPostprocessing = 0;
		};
/* End PBXResourcesBuildPhase section */

/* Begin PBXShellScriptBuildPhase section */
		0E3EDD1D23CE11D79141A84B /* [CP] Check Pods Manifest.lock */ = {
			isa = PBXShellScriptBuildPhase;
			buildActionMask = 2147483647;
			files = (
			);
			inputFileListPaths = (
			);
			inputPaths = (
				"${PODS_PODFILE_DIR_PATH}/Podfile.lock",
				"${PODS_ROOT}/Manifest.lock",
			);
			name = "[CP] Check Pods Manifest.lock";
			outputFileListPaths = (
			);
			outputPaths = (
				"$(DERIVED_FILE_DIR)/Pods-Parstagram-checkManifestLockResult.txt",
			);
			runOnlyForDeploymentPostprocessing = 0;
			shellPath = /bin/sh;
			shellScript = "diff \"${PODS_PODFILE_DIR_PATH}/Podfile.lock\" \"${PODS_ROOT}/Manifest.lock\" > /dev/null\nif [ $? != 0 ] ; then\n    # print error to STDERR\n    echo \"error: The sandbox is not in sync with the Podfile.lock. Run 'pod install' or update your CocoaPods installation.\" >&2\n    exit 1\nfi\n# This output is used by Xcode 'outputs' to avoid re-running this script phase.\necho \"SUCCESS\" > \"${SCRIPT_OUTPUT_FILE_0}\"\n";
			showEnvVarsInLog = 0;
		};
		49CB45AA93D42D2A5AEF5B75 /* [CP] Embed Pods Frameworks */ = {
			isa = PBXShellScriptBuildPhase;
			buildActionMask = 2147483647;
			files = (
			);
			inputFileListPaths = (
				"${PODS_ROOT}/Target Support Files/Pods-Parstagram-ParstagramUITests/Pods-Parstagram-ParstagramUITests-frameworks-${CONFIGURATION}-input-files.xcfilelist",
			);
			name = "[CP] Embed Pods Frameworks";
			outputFileListPaths = (
				"${PODS_ROOT}/Target Support Files/Pods-Parstagram-ParstagramUITests/Pods-Parstagram-ParstagramUITests-frameworks-${CONFIGURATION}-output-files.xcfilelist",
			);
			runOnlyForDeploymentPostprocessing = 0;
			shellPath = /bin/sh;
			shellScript = "\"${PODS_ROOT}/Target Support Files/Pods-Parstagram-ParstagramUITests/Pods-Parstagram-ParstagramUITests-frameworks.sh\"\n";
			showEnvVarsInLog = 0;
		};
		50CCE244A8C9E993AAFCA9B6 /* [CP] Embed Pods Frameworks */ = {
			isa = PBXShellScriptBuildPhase;
			buildActionMask = 2147483647;
			files = (
			);
			inputFileListPaths = (
				"${PODS_ROOT}/Target Support Files/Pods-Parstagram/Pods-Parstagram-frameworks-${CONFIGURATION}-input-files.xcfilelist",
			);
			name = "[CP] Embed Pods Frameworks";
			outputFileListPaths = (
				"${PODS_ROOT}/Target Support Files/Pods-Parstagram/Pods-Parstagram-frameworks-${CONFIGURATION}-output-files.xcfilelist",
			);
			runOnlyForDeploymentPostprocessing = 0;
			shellPath = /bin/sh;
			shellScript = "\"${PODS_ROOT}/Target Support Files/Pods-Parstagram/Pods-Parstagram-frameworks.sh\"\n";
			showEnvVarsInLog = 0;
		};
		9493698BA2850F81237D30DE /* [CP] Check Pods Manifest.lock */ = {
			isa = PBXShellScriptBuildPhase;
			buildActionMask = 2147483647;
			files = (
			);
			inputFileListPaths = (
			);
			inputPaths = (
				"${PODS_PODFILE_DIR_PATH}/Podfile.lock",
				"${PODS_ROOT}/Manifest.lock",
			);
			name = "[CP] Check Pods Manifest.lock";
			outputFileListPaths = (
			);
			outputPaths = (
				"$(DERIVED_FILE_DIR)/Pods-ParstagramTests-checkManifestLockResult.txt",
			);
			runOnlyForDeploymentPostprocessing = 0;
			shellPath = /bin/sh;
			shellScript = "diff \"${PODS_PODFILE_DIR_PATH}/Podfile.lock\" \"${PODS_ROOT}/Manifest.lock\" > /dev/null\nif [ $? != 0 ] ; then\n    # print error to STDERR\n    echo \"error: The sandbox is not in sync with the Podfile.lock. Run 'pod install' or update your CocoaPods installation.\" >&2\n    exit 1\nfi\n# This output is used by Xcode 'outputs' to avoid re-running this script phase.\necho \"SUCCESS\" > \"${SCRIPT_OUTPUT_FILE_0}\"\n";
			showEnvVarsInLog = 0;
		};
		B32F3B39603C4CCD824BE59F /* [CP] Check Pods Manifest.lock */ = {
			isa = PBXShellScriptBuildPhase;
			buildActionMask = 2147483647;
			files = (
			);
			inputFileListPaths = (
			);
			inputPaths = (
				"${PODS_PODFILE_DIR_PATH}/Podfile.lock",
				"${PODS_ROOT}/Manifest.lock",
			);
			name = "[CP] Check Pods Manifest.lock";
			outputFileListPaths = (
			);
			outputPaths = (
				"$(DERIVED_FILE_DIR)/Pods-Parstagram-ParstagramUITests-checkManifestLockResult.txt",
			);
			runOnlyForDeploymentPostprocessing = 0;
			shellPath = /bin/sh;
			shellScript = "diff \"${PODS_PODFILE_DIR_PATH}/Podfile.lock\" \"${PODS_ROOT}/Manifest.lock\" > /dev/null\nif [ $? != 0 ] ; then\n    # print error to STDERR\n    echo \"error: The sandbox is not in sync with the Podfile.lock. Run 'pod install' or update your CocoaPods installation.\" >&2\n    exit 1\nfi\n# This output is used by Xcode 'outputs' to avoid re-running this script phase.\necho \"SUCCESS\" > \"${SCRIPT_OUTPUT_FILE_0}\"\n";
			showEnvVarsInLog = 0;
		};
/* End PBXShellScriptBuildPhase section */

/* Begin PBXSourcesBuildPhase section */
		04863DBD23F0F5AC0096862A /* Sources */ = {
			isa = PBXSourcesBuildPhase;
			buildActionMask = 2147483647;
			files = (
				0404299323F132BF00608B37 /* LoginViewController.swift in Sources */,
				0404299723F1357500608B37 /* CameraViewController.swift in Sources */,
				04863DC523F0F5AC0096862A /* AppDelegate.swift in Sources */,
				0404299523F132D000608B37 /* FeedViewController.swift in Sources */,
				04863DC723F0F5AC0096862A /* SceneDelegate.swift in Sources */,
				0490713123F216D800A2C51A /* PostCell.swift in Sources */,
				0487CF8223FF89DB00F68E90 /* ProfileViewController.swift in Sources */,
				042F357623F61AA900ED7032 /* CommentCell.swift in Sources */,
			);
			runOnlyForDeploymentPostprocessing = 0;
		};
		04863DD323F0F5AD0096862A /* Sources */ = {
			isa = PBXSourcesBuildPhase;
			buildActionMask = 2147483647;
			files = (
				04863DDC23F0F5AD0096862A /* ParstagramTests.swift in Sources */,
			);
			runOnlyForDeploymentPostprocessing = 0;
		};
		04863DDE23F0F5AD0096862A /* Sources */ = {
			isa = PBXSourcesBuildPhase;
			buildActionMask = 2147483647;
			files = (
				04863DE723F0F5AD0096862A /* ParstagramUITests.swift in Sources */,
			);
			runOnlyForDeploymentPostprocessing = 0;
		};
/* End PBXSourcesBuildPhase section */

/* Begin PBXTargetDependency section */
		04863DD923F0F5AD0096862A /* PBXTargetDependency */ = {
			isa = PBXTargetDependency;
			target = 04863DC023F0F5AC0096862A /* Parstagram */;
			targetProxy = 04863DD823F0F5AD0096862A /* PBXContainerItemProxy */;
		};
		04863DE423F0F5AD0096862A /* PBXTargetDependency */ = {
			isa = PBXTargetDependency;
			target = 04863DC023F0F5AC0096862A /* Parstagram */;
			targetProxy = 04863DE323F0F5AD0096862A /* PBXContainerItemProxy */;
		};
/* End PBXTargetDependency section */

/* Begin PBXVariantGroup section */
		04863DCA23F0F5AC0096862A /* Main.storyboard */ = {
			isa = PBXVariantGroup;
			children = (
				04863DCB23F0F5AC0096862A /* Base */,
			);
			name = Main.storyboard;
			sourceTree = "<group>";
		};
		04863DCF23F0F5AD0096862A /* LaunchScreen.storyboard */ = {
			isa = PBXVariantGroup;
			children = (
				04863DD023F0F5AD0096862A /* Base */,
			);
			name = LaunchScreen.storyboard;
			sourceTree = "<group>";
		};
/* End PBXVariantGroup section */

/* Begin XCBuildConfiguration section */
		04863DE923F0F5AD0096862A /* Debug */ = {
			isa = XCBuildConfiguration;
			buildSettings = {
				ALWAYS_SEARCH_USER_PATHS = NO;
				CLANG_ANALYZER_NONNULL = YES;
				CLANG_ANALYZER_NUMBER_OBJECT_CONVERSION = YES_AGGRESSIVE;
				CLANG_CXX_LANGUAGE_STANDARD = "gnu++14";
				CLANG_CXX_LIBRARY = "libc++";
				CLANG_ENABLE_MODULES = YES;
				CLANG_ENABLE_OBJC_ARC = YES;
				CLANG_ENABLE_OBJC_WEAK = YES;
				CLANG_WARN_BLOCK_CAPTURE_AUTORELEASING = YES;
				CLANG_WARN_BOOL_CONVERSION = YES;
				CLANG_WARN_COMMA = YES;
				CLANG_WARN_CONSTANT_CONVERSION = YES;
				CLANG_WARN_DEPRECATED_OBJC_IMPLEMENTATIONS = YES;
				CLANG_WARN_DIRECT_OBJC_ISA_USAGE = YES_ERROR;
				CLANG_WARN_DOCUMENTATION_COMMENTS = YES;
				CLANG_WARN_EMPTY_BODY = YES;
				CLANG_WARN_ENUM_CONVERSION = YES;
				CLANG_WARN_INFINITE_RECURSION = YES;
				CLANG_WARN_INT_CONVERSION = YES;
				CLANG_WARN_NON_LITERAL_NULL_CONVERSION = YES;
				CLANG_WARN_OBJC_IMPLICIT_RETAIN_SELF = YES;
				CLANG_WARN_OBJC_LITERAL_CONVERSION = YES;
				CLANG_WARN_OBJC_ROOT_CLASS = YES_ERROR;
				CLANG_WARN_RANGE_LOOP_ANALYSIS = YES;
				CLANG_WARN_STRICT_PROTOTYPES = YES;
				CLANG_WARN_SUSPICIOUS_MOVE = YES;
				CLANG_WARN_UNGUARDED_AVAILABILITY = YES_AGGRESSIVE;
				CLANG_WARN_UNREACHABLE_CODE = YES;
				CLANG_WARN__DUPLICATE_METHOD_MATCH = YES;
				COPY_PHASE_STRIP = NO;
				DEBUG_INFORMATION_FORMAT = dwarf;
				ENABLE_STRICT_OBJC_MSGSEND = YES;
				ENABLE_TESTABILITY = YES;
				GCC_C_LANGUAGE_STANDARD = gnu11;
				GCC_DYNAMIC_NO_PIC = NO;
				GCC_NO_COMMON_BLOCKS = YES;
				GCC_OPTIMIZATION_LEVEL = 0;
				GCC_PREPROCESSOR_DEFINITIONS = (
					"DEBUG=1",
					"$(inherited)",
				);
				GCC_WARN_64_TO_32_BIT_CONVERSION = YES;
				GCC_WARN_ABOUT_RETURN_TYPE = YES_ERROR;
				GCC_WARN_UNDECLARED_SELECTOR = YES;
				GCC_WARN_UNINITIALIZED_AUTOS = YES_AGGRESSIVE;
				GCC_WARN_UNUSED_FUNCTION = YES;
				GCC_WARN_UNUSED_VARIABLE = YES;
				IPHONEOS_DEPLOYMENT_TARGET = 13.2;
				MTL_ENABLE_DEBUG_INFO = INCLUDE_SOURCE;
				MTL_FAST_MATH = YES;
				ONLY_ACTIVE_ARCH = YES;
				SDKROOT = iphoneos;
				SWIFT_ACTIVE_COMPILATION_CONDITIONS = DEBUG;
				SWIFT_OPTIMIZATION_LEVEL = "-Onone";
			};
			name = Debug;
		};
		04863DEA23F0F5AD0096862A /* Release */ = {
			isa = XCBuildConfiguration;
			buildSettings = {
				ALWAYS_SEARCH_USER_PATHS = NO;
				CLANG_ANALYZER_NONNULL = YES;
				CLANG_ANALYZER_NUMBER_OBJECT_CONVERSION = YES_AGGRESSIVE;
				CLANG_CXX_LANGUAGE_STANDARD = "gnu++14";
				CLANG_CXX_LIBRARY = "libc++";
				CLANG_ENABLE_MODULES = YES;
				CLANG_ENABLE_OBJC_ARC = YES;
				CLANG_ENABLE_OBJC_WEAK = YES;
				CLANG_WARN_BLOCK_CAPTURE_AUTORELEASING = YES;
				CLANG_WARN_BOOL_CONVERSION = YES;
				CLANG_WARN_COMMA = YES;
				CLANG_WARN_CONSTANT_CONVERSION = YES;
				CLANG_WARN_DEPRECATED_OBJC_IMPLEMENTATIONS = YES;
				CLANG_WARN_DIRECT_OBJC_ISA_USAGE = YES_ERROR;
				CLANG_WARN_DOCUMENTATION_COMMENTS = YES;
				CLANG_WARN_EMPTY_BODY = YES;
				CLANG_WARN_ENUM_CONVERSION = YES;
				CLANG_WARN_INFINITE_RECURSION = YES;
				CLANG_WARN_INT_CONVERSION = YES;
				CLANG_WARN_NON_LITERAL_NULL_CONVERSION = YES;
				CLANG_WARN_OBJC_IMPLICIT_RETAIN_SELF = YES;
				CLANG_WARN_OBJC_LITERAL_CONVERSION = YES;
				CLANG_WARN_OBJC_ROOT_CLASS = YES_ERROR;
				CLANG_WARN_RANGE_LOOP_ANALYSIS = YES;
				CLANG_WARN_STRICT_PROTOTYPES = YES;
				CLANG_WARN_SUSPICIOUS_MOVE = YES;
				CLANG_WARN_UNGUARDED_AVAILABILITY = YES_AGGRESSIVE;
				CLANG_WARN_UNREACHABLE_CODE = YES;
				CLANG_WARN__DUPLICATE_METHOD_MATCH = YES;
				COPY_PHASE_STRIP = NO;
				DEBUG_INFORMATION_FORMAT = "dwarf-with-dsym";
				ENABLE_NS_ASSERTIONS = NO;
				ENABLE_STRICT_OBJC_MSGSEND = YES;
				GCC_C_LANGUAGE_STANDARD = gnu11;
				GCC_NO_COMMON_BLOCKS = YES;
				GCC_WARN_64_TO_32_BIT_CONVERSION = YES;
				GCC_WARN_ABOUT_RETURN_TYPE = YES_ERROR;
				GCC_WARN_UNDECLARED_SELECTOR = YES;
				GCC_WARN_UNINITIALIZED_AUTOS = YES_AGGRESSIVE;
				GCC_WARN_UNUSED_FUNCTION = YES;
				GCC_WARN_UNUSED_VARIABLE = YES;
				IPHONEOS_DEPLOYMENT_TARGET = 13.2;
				MTL_ENABLE_DEBUG_INFO = NO;
				MTL_FAST_MATH = YES;
				SDKROOT = iphoneos;
				SWIFT_COMPILATION_MODE = wholemodule;
				SWIFT_OPTIMIZATION_LEVEL = "-O";
				VALIDATE_PRODUCT = YES;
			};
			name = Release;
		};
		04863DEC23F0F5AD0096862A /* Debug */ = {
			isa = XCBuildConfiguration;
			baseConfigurationReference = F4116F9373AF9844BEDE1E07 /* Pods-Parstagram.debug.xcconfig */;
			buildSettings = {
				ASSETCATALOG_COMPILER_APPICON_NAME = AppIcon;
				CODE_SIGN_STYLE = Automatic;
				INFOPLIST_FILE = Parstagram/Info.plist;
				LD_RUNPATH_SEARCH_PATHS = (
					"$(inherited)",
					"@executable_path/Frameworks",
				);
				PRODUCT_BUNDLE_IDENTIFIER = com.pv.Parstagram;
				PRODUCT_NAME = "$(TARGET_NAME)";
				SWIFT_VERSION = 5.0;
				TARGETED_DEVICE_FAMILY = "1,2";
			};
			name = Debug;
		};
		04863DED23F0F5AD0096862A /* Release */ = {
			isa = XCBuildConfiguration;
			baseConfigurationReference = AC627396C9D6FEF7F9FF314F /* Pods-Parstagram.release.xcconfig */;
			buildSettings = {
				ASSETCATALOG_COMPILER_APPICON_NAME = AppIcon;
				CODE_SIGN_STYLE = Automatic;
				INFOPLIST_FILE = Parstagram/Info.plist;
				LD_RUNPATH_SEARCH_PATHS = (
					"$(inherited)",
					"@executable_path/Frameworks",
				);
				PRODUCT_BUNDLE_IDENTIFIER = com.pv.Parstagram;
				PRODUCT_NAME = "$(TARGET_NAME)";
				SWIFT_VERSION = 5.0;
				TARGETED_DEVICE_FAMILY = "1,2";
			};
			name = Release;
		};
		04863DEF23F0F5AD0096862A /* Debug */ = {
			isa = XCBuildConfiguration;
			baseConfigurationReference = 6E283B4F105958314CB94FF6 /* Pods-ParstagramTests.debug.xcconfig */;
			buildSettings = {
				ALWAYS_EMBED_SWIFT_STANDARD_LIBRARIES = YES;
				BUNDLE_LOADER = "$(TEST_HOST)";
				CODE_SIGN_STYLE = Automatic;
				INFOPLIST_FILE = ParstagramTests/Info.plist;
				IPHONEOS_DEPLOYMENT_TARGET = 13.2;
				LD_RUNPATH_SEARCH_PATHS = (
					"$(inherited)",
					"@executable_path/Frameworks",
					"@loader_path/Frameworks",
				);
				PRODUCT_BUNDLE_IDENTIFIER = com.pv.ParstagramTests;
				PRODUCT_NAME = "$(TARGET_NAME)";
				SWIFT_VERSION = 5.0;
				TARGETED_DEVICE_FAMILY = "1,2";
				TEST_HOST = "$(BUILT_PRODUCTS_DIR)/Parstagram.app/Parstagram";
			};
			name = Debug;
		};
		04863DF023F0F5AD0096862A /* Release */ = {
			isa = XCBuildConfiguration;
			baseConfigurationReference = A37B25E27B50C1323BA49B1A /* Pods-ParstagramTests.release.xcconfig */;
			buildSettings = {
				ALWAYS_EMBED_SWIFT_STANDARD_LIBRARIES = YES;
				BUNDLE_LOADER = "$(TEST_HOST)";
				CODE_SIGN_STYLE = Automatic;
				INFOPLIST_FILE = ParstagramTests/Info.plist;
				IPHONEOS_DEPLOYMENT_TARGET = 13.2;
				LD_RUNPATH_SEARCH_PATHS = (
					"$(inherited)",
					"@executable_path/Frameworks",
					"@loader_path/Frameworks",
				);
				PRODUCT_BUNDLE_IDENTIFIER = com.pv.ParstagramTests;
				PRODUCT_NAME = "$(TARGET_NAME)";
				SWIFT_VERSION = 5.0;
				TARGETED_DEVICE_FAMILY = "1,2";
				TEST_HOST = "$(BUILT_PRODUCTS_DIR)/Parstagram.app/Parstagram";
			};
			name = Release;
		};
		04863DF223F0F5AD0096862A /* Debug */ = {
			isa = XCBuildConfiguration;
			baseConfigurationReference = DFDF84003A692D56F75A9312 /* Pods-Parstagram-ParstagramUITests.debug.xcconfig */;
			buildSettings = {
				ALWAYS_EMBED_SWIFT_STANDARD_LIBRARIES = YES;
				CODE_SIGN_STYLE = Automatic;
				INFOPLIST_FILE = ParstagramUITests/Info.plist;
				LD_RUNPATH_SEARCH_PATHS = (
					"$(inherited)",
					"@executable_path/Frameworks",
					"@loader_path/Frameworks",
				);
				PRODUCT_BUNDLE_IDENTIFIER = com.pv.ParstagramUITests;
				PRODUCT_NAME = "$(TARGET_NAME)";
				SWIFT_VERSION = 5.0;
				TARGETED_DEVICE_FAMILY = "1,2";
				TEST_TARGET_NAME = Parstagram;
			};
			name = Debug;
		};
		04863DF323F0F5AD0096862A /* Release */ = {
			isa = XCBuildConfiguration;
			baseConfigurationReference = 9FC181E77B373A2176F33458 /* Pods-Parstagram-ParstagramUITests.release.xcconfig */;
			buildSettings = {
				ALWAYS_EMBED_SWIFT_STANDARD_LIBRARIES = YES;
				CODE_SIGN_STYLE = Automatic;
				INFOPLIST_FILE = ParstagramUITests/Info.plist;
				LD_RUNPATH_SEARCH_PATHS = (
					"$(inherited)",
					"@executable_path/Frameworks",
					"@loader_path/Frameworks",
				);
				PRODUCT_BUNDLE_IDENTIFIER = com.pv.ParstagramUITests;
				PRODUCT_NAME = "$(TARGET_NAME)";
				SWIFT_VERSION = 5.0;
				TARGETED_DEVICE_FAMILY = "1,2";
				TEST_TARGET_NAME = Parstagram;
			};
			name = Release;
		};
/* End XCBuildConfiguration section */

/* Begin XCConfigurationList section */
		04863DBC23F0F5AC0096862A /* Build configuration list for PBXProject "Parstagram" */ = {
			isa = XCConfigurationList;
			buildConfigurations = (
				04863DE923F0F5AD0096862A /* Debug */,
				04863DEA23F0F5AD0096862A /* Release */,
			);
			defaultConfigurationIsVisible = 0;
			defaultConfigurationName = Release;
		};
		04863DEB23F0F5AD0096862A /* Build configuration list for PBXNativeTarget "Parstagram" */ = {
			isa = XCConfigurationList;
			buildConfigurations = (
				04863DEC23F0F5AD0096862A /* Debug */,
				04863DED23F0F5AD0096862A /* Release */,
			);
			defaultConfigurationIsVisible = 0;
			defaultConfigurationName = Release;
		};
		04863DEE23F0F5AD0096862A /* Build configuration list for PBXNativeTarget "ParstagramTests" */ = {
			isa = XCConfigurationList;
			buildConfigurations = (
				04863DEF23F0F5AD0096862A /* Debug */,
				04863DF023F0F5AD0096862A /* Release */,
			);
			defaultConfigurationIsVisible = 0;
			defaultConfigurationName = Release;
		};
		04863DF123F0F5AD0096862A /* Build configuration list for PBXNativeTarget "ParstagramUITests" */ = {
			isa = XCConfigurationList;
			buildConfigurations = (
				04863DF223F0F5AD0096862A /* Debug */,
				04863DF323F0F5AD0096862A /* Release */,
			);
			defaultConfigurationIsVisible = 0;
			defaultConfigurationName = Release;
		};
/* End XCConfigurationList section */
	};
	rootObject = 04863DB923F0F5AC0096862A /* Project object */;
}
